PODS:
  - Capacitor (7.5.0):
    - CapacitorCordova
  - CapacitorApp (7.1.2):
    - Capacitor
  - CapacitorCordova (7.5.0)
  - CapacitorKeyboard (7.0.4):
    - Capacitor
  - CapacitorPushNotifications (7.0.5):
    - Capacitor
  - CapacitorSplashScreen (7.0.5):
    - Capacitor
  - CapacitorStatusBar (7.0.5):
    - Capacitor

DEPENDENCIES:
  - "Capacitor (from `../../../../node_modules/.pnpm/@capacitor+ios@7.5.0_@capacitor+core@7.5.0/node_modules/@capacitor/ios`)"
  - "CapacitorApp (from `../../../../node_modules/.pnpm/@capacitor+app@7.1.2_@capacitor+core@7.5.0/node_modules/@capacitor/app`)"
  - "CapacitorCordova (from `../../../../node_modules/.pnpm/@capacitor+ios@7.5.0_@capacitor+core@7.5.0/node_modules/@capacitor/ios`)"
  - "CapacitorKeyboard (from `../../../../node_modules/.pnpm/@capacitor+keyboard@7.0.4_@capacitor+core@7.5.0/node_modules/@capacitor/keyboard`)"
  - "CapacitorPushNotifications (from `../../../../node_modules/.pnpm/@capacitor+push-notifications@7.0.5_@capacitor+core@7.5.0/node_modules/@capacitor/push-notifications`)"
  - "CapacitorSplashScreen (from `../../../../node_modules/.pnpm/@capacitor+splash-screen@7.0.5_@capacitor+core@7.5.0/node_modules/@capacitor/splash-screen`)"
  - "CapacitorStatusBar (from `../../../../node_modules/.pnpm/@capacitor+status-bar@7.0.5_@capacitor+core@7.5.0/node_modules/@capacitor/status-bar`)"

EXTERNAL SOURCES:
  Capacitor:
    :path: "../../../../node_modules/.pnpm/@capacitor+ios@7.5.0_@capacitor+core@7.5.0/node_modules/@capacitor/ios"
  CapacitorApp:
    :path: "../../../../node_modules/.pnpm/@capacitor+app@7.1.2_@capacitor+core@7.5.0/node_modules/@capacitor/app"
  CapacitorCordova:
    :path: "../../../../node_modules/.pnpm/@capacitor+ios@7.5.0_@capacitor+core@7.5.0/node_modules/@capacitor/ios"
  CapacitorKeyboard:
    :path: "../../../../node_modules/.pnpm/@capacitor+keyboard@7.0.4_@capacitor+core@7.5.0/node_modules/@capacitor/keyboard"
  CapacitorPushNotifications:
    :path: "../../../../node_modules/.pnpm/@capacitor+push-notifications@7.0.5_@capacitor+core@7.5.0/node_modules/@capacitor/push-notifications"
  CapacitorSplashScreen:
    :path: "../../../../node_modules/.pnpm/@capacitor+splash-screen@7.0.5_@capacitor+core@7.5.0/node_modules/@capacitor/splash-screen"
  CapacitorStatusBar:
    :path: "../../../../node_modules/.pnpm/@capacitor+status-bar@7.0.5_@capacitor+core@7.5.0/node_modules/@capacitor/status-bar"

SPEC CHECKSUMS:
  Capacitor: 0a78ec6b54580fa055c11744a4e83cd7942d98ca
  CapacitorApp: f01a913211780e0718dae9750442c3e23f96e106
  CapacitorCordova: ae35646a9b46cfd00d637f195509c86594026aad
  CapacitorKeyboard: 5660c760113bfa48962817a785879373cf5339c3
  CapacitorPushNotifications: 2d8af7b97c3cf64cb3dc591ce28bc37ef00c1c0a
  CapacitorSplashScreen: 409eeaaeac603d264f209c0fcb718aa22fe1f7bb
  CapacitorStatusBar: 6de542f202c0dd3f9d0a73b240d4c9d3dddc49b4

PODFILE CHECKSUM: 04bcef6c8a07fd6d5f813807fed7c6e86c02025e

COCOAPODS: 1.16.2
